# This is a Gradle generated file for dependency locking.
# Manual edits can break the build and are not advised.
# This file is expected to be part of source control.
aopalliance:aopalliance:1.0=modernUiRuntimeClasspath,modernUiTestRuntimeClasspath
biz.aQute.bnd:biz.aQute.bnd.transform:7.0.0=phase5Transformer
bouncycastle:bcmail-jdk14:138=modernUiCompileClasspath,modernUiRuntimeClasspath,modernUiTestCompileClasspath,modernUiTestRuntimeClasspath
bouncycastle:bcprov-jdk14:138=modernUiCompileClasspath,modernUiRuntimeClasspath,modernUiTestCompileClasspath,modernUiTestRuntimeClasspath
bouncycastle:bctsp-jdk14:138=modernUiCompileClasspath,modernUiRuntimeClasspath,modernUiTestCompileClasspath,modernUiTestRuntimeClasspath
com.amazonaws:aws-java-sdk-core:1.11.827=modernUiRuntimeClasspath,modernUiTestRuntimeClasspath
com.amazonaws:aws-java-sdk-kms:1.11.827=modernUiRuntimeClasspath,modernUiTestRuntimeClasspath
com.amazonaws:aws-java-sdk-s3:1.11.827=modernUiRuntimeClasspath,modernUiTestRuntimeClasspath
com.amazonaws:jmespath-java:1.11.827=modernUiRuntimeClasspath,modernUiTestRuntimeClasspath
com.fasterxml.jackson.core:jackson-annotations:2.12.2=modernUiCompileClasspath,modernUiRuntimeClasspath,modernUiTestCompileClasspath,modernUiTestRuntimeClasspath
com.fasterxml.jackson.core:jackson-core:2.12.2=modernUiCompileClasspath,modernUiRuntimeClasspath,modernUiTestCompileClasspath,modernUiTestRuntimeClasspath
com.fasterxml.jackson.core:jackson-databind:2.12.2=modernUiCompileClasspath,modernUiRuntimeClasspath,modernUiTestCompileClasspath,modernUiTestRuntimeClasspath
com.fasterxml.jackson.dataformat:jackson-dataformat-cbor:2.12.2=modernUiRuntimeClasspath,modernUiTestRuntimeClasspath
com.fasterxml.jackson:jackson-bom:2.12.2=modernUiCompileClasspath,modernUiRuntimeClasspath,modernUiTestCompileClasspath,modernUiTestRuntimeClasspath
com.github.lookfirst:sardine:5.9=modernUiRuntimeClasspath,modernUiTestRuntimeClasspath
com.github.virtuald:curvesapi:1.04=modernUiRuntimeClasspath,modernUiTestRuntimeClasspath
com.google.code.gson:gson:2.14.0=browserTestCompileClasspath,browserTestRuntimeClasspath,modernBrowserTestCompileClasspath,modernBrowserTestRuntimeClasspath
com.google.errorprone:error_prone_annotations:2.36.0=modernUiCompileClasspath,modernUiRuntimeClasspath,modernUiTestCompileClasspath,modernUiTestRuntimeClasspath,modernWebZk
com.google.errorprone:error_prone_annotations:2.48.0=browserTestCompileClasspath,browserTestRuntimeClasspath,modernBrowserTestCompileClasspath,modernBrowserTestRuntimeClasspath
com.google.guava:failureaccess:1.0.3=modernUiCompileClasspath,modernUiRuntimeClasspath,modernUiTestCompileClasspath,modernUiTestRuntimeClasspath,modernWebZk
com.google.guava:guava:33.4.8-jre=modernUiCompileClasspath,modernUiRuntimeClasspath,modernUiTestCompileClasspath,modernUiTestRuntimeClasspath,modernWebZk
com.google.guava:listenablefuture:9999.0-empty-to-avoid-conflict-with-guava=modernUiCompileClasspath,modernUiRuntimeClasspath,modernUiTestCompileClasspath,modernUiTestRuntimeClasspath,modernWebZk
com.google.j2objc:j2objc-annotations:3.0.0=modernUiCompileClasspath,modernUiRuntimeClasspath,modernUiTestCompileClasspath,modernUiTestRuntimeClasspath,modernWebZk
com.google.zxing:core:2.3.0=modernUiRuntimeClasspath,modernUiTestRuntimeClasspath
com.itextpdf:io:7.1.13=modernUiRuntimeClasspath,modernUiTestRuntimeClasspath
com.itextpdf:itext-pdfa:5.5.2=modernUiRuntimeClasspath,modernUiTestRuntimeClasspath
com.itextpdf:itextpdf:5.5.2=modernUiCompileClasspath,modernUiRuntimeClasspath,modernUiTestRuntimeClasspath
com.itextpdf:kernel:7.1.13=modernUiRuntimeClasspath,modernUiTestRuntimeClasspath
com.itextpdf:pdfa:7.1.13=modernUiRuntimeClasspath,modernUiTestRuntimeClasspath
com.jgoodies:looks:2.0.4=modernUiRuntimeClasspath,modernUiTestRuntimeClasspath
com.lowagie:itext:2.1.7=modernUiCompileClasspath,modernUiRuntimeClasspath,modernUiTestCompileClasspath,modernUiTestRuntimeClasspath
com.microsoft.playwright:driver-bundle:1.62.0=browserTestCompileClasspath,browserTestRuntimeClasspath,modernBrowserTestCompileClasspath,modernBrowserTestRuntimeClasspath
com.microsoft.playwright:driver:1.62.0=browserTestCompileClasspath,browserTestRuntimeClasspath,modernBrowserTestCompileClasspath,modernBrowserTestRuntimeClasspath
com.microsoft.playwright:playwright:1.62.0=browserTestCompileClasspath,browserTestRuntimeClasspath,modernBrowserTestCompileClasspath,modernBrowserTestRuntimeClasspath
com.miglayout:miglayout:3.7.1=modernUiRuntimeClasspath,modernUiTestRuntimeClasspath
com.oracle.database.ha:ons:11.2.0.4=modernUiRuntimeClasspath,modernUiTestRuntimeClasspath
com.oracle.database.ha:simplefan:11.2.0.4=modernUiRuntimeClasspath,modernUiTestRuntimeClasspath
com.oracle.database.jdbc:ojdbc6:11.2.0.4=modernUiRuntimeClasspath,modernUiTestRuntimeClasspath
com.oracle.database.jdbc:ucp:11.2.0.4=modernUiRuntimeClasspath,modernUiTestRuntimeClasspath
com.oracle.database.security:oraclepki:11.2.0.4=modernUiRuntimeClasspath,modernUiTestRuntimeClasspath
com.oracle.database.security:osdt_cert:11.2.0.4=modernUiRuntimeClasspath,modernUiTestRuntimeClasspath
com.oracle.database.security:osdt_core:11.2.0.4=modernUiRuntimeClasspath,modernUiTestRuntimeClasspath
com.sun.mail:javax.mail:1.4.7=modernUiRuntimeClasspath,modernUiTestRuntimeClasspath
com.zaxxer:HikariCP:5.0.1=modernUiRuntimeClasspath,modernUiTestRuntimeClasspath
commons-beanutils:commons-beanutils:1.9.4=modernUiCompileClasspath,modernUiRuntimeClasspath,modernUiTestCompileClasspath,modernUiTestRuntimeClasspath
commons-cli:commons-cli:1.9.0=phase5Transformer
commons-codec:commons-codec:1.10=modernUiCompileClasspath,modernUiTestCompileClasspath
commons-codec:commons-codec:1.11=modernUiRuntimeClasspath,modernUiTestRuntimeClasspath
commons-collections:commons-collections:3.2.2=modernUiCompileClasspath,modernUiRuntimeClasspath,modernUiTestCompileClasspath,modernUiTestRuntimeClasspath
commons-digester:commons-digester:2.1=modernUiCompileClasspath,modernUiRuntimeClasspath,modernUiTestCompileClasspath,modernUiTestRuntimeClasspath
commons-io:commons-io:2.19.0=modernUiCompileClasspath,modernUiRuntimeClasspath,modernUiTestCompileClasspath,modernUiTestRuntimeClasspath,modernWebZk
commons-logging:commons-logging:1.2=modernUiCompileClasspath,modernUiRuntimeClasspath,modernUiTestCompileClasspath,modernUiTestRuntimeClasspath
commons-net:commons-net:3.1=modernUiRuntimeClasspath,modernUiTestRuntimeClasspath
commons-validator:commons-validator:1.6=modernUiRuntimeClasspath,modernUiTestRuntimeClasspath
io.konik:harness:1.0.0=modernUiCompileClasspath,modernUiRuntimeClasspath,modernUiTestRuntimeClasspath
io.konik:itext-carriage:0.8.0=modernUiRuntimeClasspath,modernUiTestRuntimeClasspath
io.vavr:vavr-match:0.10.4=modernUiRuntimeClasspath,modernUiTestRuntimeClasspath
io.vavr:vavr:0.10.4=modernUiRuntimeClasspath,modernUiTestRuntimeClasspath
it.sauronsoftware.cron4j:cron4j:2.2.5=modernUiRuntimeClasspath,modernUiTestRuntimeClasspath
jakarta.servlet:jakarta.servlet-api:6.0.0=compileClasspath,modernUiCompileClasspath
javaee:javaee-api:5=modernUiRuntimeClasspath,modernUiTestRuntimeClasspath
javax.activation:activation:1.1=modernUiRuntimeClasspath,modernUiTestRuntimeClasspath
javax.inject:javax.inject:1=modernUiCompileClasspath,modernUiRuntimeClasspath,modernUiTestCompileClasspath,modernUiTestRuntimeClasspath
javax.servlet:javax.servlet-api:4.0.1=transformerFixtureCompileClasspath
joda-time:joda-time:2.8.1=modernUiRuntimeClasspath,modernUiTestRuntimeClasspath
log4j:log4j:1.2.17=modernUiRuntimeClasspath,modernUiTestRuntimeClasspath
mysql:mysql-connector-java:5.1.3=modernUiRuntimeClasspath,modernUiTestRuntimeClasspath
net.bytebuddy:byte-buddy-agent:1.15.4=modernUiTestCompileClasspath,modernUiTestRuntimeClasspath
net.bytebuddy:byte-buddy:1.15.4=modernUiCompileClasspath,modernUiRuntimeClasspath,modernUiTestCompileClasspath,modernUiTestRuntimeClasspath
net.sf.jasperreports:jasperreports:6.17.0=modernUiCompileClasspath,modernUiRuntimeClasspath,modernUiTestCompileClasspath,modernUiTestRuntimeClasspath
net.sourceforge.barbecue:barbecue:1.5-beta1=modernUiCompileClasspath,modernUiRuntimeClasspath,modernUiTestCompileClasspath,modernUiTestRuntimeClasspath
org.apache-extras.beanshell:bsh:2.0b6=modernUiCompileClasspath,modernUiRuntimeClasspath,modernUiTestCompileClasspath,modernUiTestRuntimeClasspath,modernWebZk
org.apache.activemq.protobuf:activemq-protobuf:1.1=modernUiRuntimeClasspath,modernUiTestRuntimeClasspath
org.apache.activemq:activemq-core:5.7.0=modernUiRuntimeClasspath,modernUiTestRuntimeClasspath
org.apache.activemq:kahadb:5.7.0=modernUiRuntimeClasspath,modernUiTestRuntimeClasspath
org.apache.ant:ant-launcher:1.10.5=modernUiRuntimeClasspath,modernUiTestRuntimeClasspath
org.apache.ant:ant:1.10.5=modernUiRuntimeClasspath,modernUiTestRuntimeClasspath
org.apache.commons:commons-collections4:4.2=modernUiCompileClasspath,modernUiRuntimeClasspath,modernUiTestCompileClasspath,modernUiTestRuntimeClasspath
org.apache.commons:commons-fileupload2-core:2.0.0-M4=modernUiCompileClasspath,modernUiRuntimeClasspath,modernUiTestCompileClasspath,modernUiTestRuntimeClasspath,modernWebZk
org.apache.commons:commons-fileupload2-jakarta-servlet5:2.0.0-M4=modernUiCompileClasspath,modernUiRuntimeClasspath,modernUiTestCompileClasspath,modernUiTestRuntimeClasspath,modernWebZk
org.apache.commons:commons-lang3:3.4=modernUiCompileClasspath,modernUiRuntimeClasspath,modernUiTestCompileClasspath,modernUiTestRuntimeClasspath
org.apache.geronimo.specs:geronimo-j2ee-management_1.1_spec:1.0.1=modernUiRuntimeClasspath,modernUiTestRuntimeClasspath
org.apache.geronimo.specs:geronimo-jms_1.1_spec:1.1.1=modernUiRuntimeClasspath,modernUiTestRuntimeClasspath
org.apache.httpcomponents.core5:httpcore5:5.2.4=modernUiCompileClasspath,modernUiRuntimeClasspath,modernUiTestCompileClasspath,modernUiTestRuntimeClasspath,modernWebZk
org.apache.httpcomponents:httpclient:4.5.9=modernUiRuntimeClasspath,modernUiTestRuntimeClasspath
org.apache.httpcomponents:httpcore:4.4.11=modernUiRuntimeClasspath,modernUiTestRuntimeClasspath
org.apache.poi:poi-ooxml-schemas:3.17=modernUiRuntimeClasspath,modernUiTestRuntimeClasspath
org.apache.poi:poi-ooxml:3.17=modernUiRuntimeClasspath,modernUiTestRuntimeClasspath
org.apache.poi:poi:3.17=modernUiCompileClasspath,modernUiRuntimeClasspath,modernUiTestCompileClasspath,modernUiTestRuntimeClasspath
org.apache.xmlbeans:xmlbeans:2.6.0=modernUiRuntimeClasspath,modernUiTestRuntimeClasspath
org.apiguardian:apiguardian-api:1.1.0=browserContractCompileClasspath,browserContractRuntimeClasspath,browserTestCompileClasspath,browserTestRuntimeClasspath,modernBrowserTestCompileClasspath,modernBrowserTestRuntimeClasspath,modernUiTestCompileClasspath
org.beanshell:bsh:2.0b5=modernUiRuntimeClasspath,modernUiTestRuntimeClasspath
org.bouncycastle:bcmail-jdk14:1.38=modernUiCompileClasspath,modernUiRuntimeClasspath,modernUiTestCompileClasspath,modernUiTestRuntimeClasspath
org.bouncycastle:bcpkix-jdk15on:1.64=modernUiRuntimeClasspath,modernUiTestRuntimeClasspath
org.bouncycastle:bcprov-jdk14:1.38=modernUiCompileClasspath,modernUiRuntimeClasspath,modernUiTestCompileClasspath,modernUiTestRuntimeClasspath
org.bouncycastle:bcprov-jdk15on:1.64=modernUiRuntimeClasspath,modernUiTestRuntimeClasspath
org.bouncycastle:bctsp-jdk14:1.38=modernUiCompileClasspath,modernUiRuntimeClasspath,modernUiTestCompileClasspath,modernUiTestRuntimeClasspath
org.checkerframework:checker-qual:3.5.0=modernUiRuntimeClasspath,modernUiTestRuntimeClasspath
org.codehaus.castor:castor-core:1.4.1=modernUiCompileClasspath,modernUiRuntimeClasspath,modernUiTestCompileClasspath,modernUiTestRuntimeClasspath
org.codehaus.castor:castor-xml:1.4.1=modernUiCompileClasspath,modernUiRuntimeClasspath,modernUiTestCompileClasspath,modernUiTestRuntimeClasspath
org.eclipse.jdt:ecj:3.21.0=modernUiCompileClasspath,modernUiRuntimeClasspath,modernUiTestCompileClasspath,modernUiTestRuntimeClasspath
org.eclipse.transformer:org.eclipse.transformer.cli:1.0.0=phase5Transformer
org.eclipse.transformer:org.eclipse.transformer.jakarta:1.0.0=phase5Transformer
org.eclipse.transformer:org.eclipse.transformer:1.0.0=phase5Transformer
org.fusesource.hawtbuf:hawtbuf:1.9=modernUiRuntimeClasspath,modernUiTestRuntimeClasspath
org.fusesource.hawtdispatch:hawtdispatch-transport:1.11=modernUiRuntimeClasspath,modernUiTestRuntimeClasspath
org.fusesource.hawtdispatch:hawtdispatch:1.11=modernUiRuntimeClasspath,modernUiTestRuntimeClasspath
org.fusesource.mqtt-client:mqtt-client:1.3=modernUiRuntimeClasspath,modernUiTestRuntimeClasspath
org.jasypt:jasypt:1.9.0=modernUiRuntimeClasspath,modernUiTestRuntimeClasspath
org.javassist:javassist:3.29.2-GA=modernUiCompileClasspath,modernUiRuntimeClasspath,modernUiTestCompileClasspath,modernUiTestRuntimeClasspath,modernWebZk
org.jfree:jcommon:1.0.23=modernUiCompileClasspath,modernUiRuntimeClasspath,modernUiTestCompileClasspath,modernUiTestRuntimeClasspath
org.jfree:jfreechart:1.0.19=modernUiCompileClasspath,modernUiRuntimeClasspath,modernUiTestCompileClasspath,modernUiTestRuntimeClasspath
org.jspecify:jspecify:1.0.0=modernUiCompileClasspath,modernUiRuntimeClasspath,modernUiTestCompileClasspath,modernUiTestRuntimeClasspath,modernWebZk
org.junit.jupiter:junit-jupiter-api:5.7.0=browserContractCompileClasspath,browserContractRuntimeClasspath,browserTestCompileClasspath,browserTestRuntimeClasspath,modernBrowserTestCompileClasspath,modernBrowserTestRuntimeClasspath,modernUiTestCompileClasspath
org.junit.jupiter:junit-jupiter-api:5.9.1=modernUiTestRuntimeClasspath
org.junit.jupiter:junit-jupiter-engine:5.7.0=browserContractRuntimeClasspath,browserTestRuntimeClasspath,modernBrowserTestRuntimeClasspath
org.junit.jupiter:junit-jupiter-engine:5.9.1=modernUiTestRuntimeClasspath
org.junit.jupiter:junit-jupiter-params:5.7.0=modernUiTestCompileClasspath
org.junit.jupiter:junit-jupiter-params:5.9.1=modernUiTestRuntimeClasspath
org.junit.platform:junit-platform-commons:1.7.0=browserContractCompileClasspath,browserContractRuntimeClasspath,browserTestCompileClasspath,browserTestRuntimeClasspath,modernBrowserTestCompileClasspath,modernBrowserTestRuntimeClasspath,modernUiTestCompileClasspath
org.junit.platform:junit-platform-commons:1.9.1=modernUiTestRuntimeClasspath
org.junit.platform:junit-platform-engine:1.7.0=browserContractRuntimeClasspath,browserTestRuntimeClasspath,modernBrowserTestRuntimeClasspath,modernUiTestCompileClasspath
org.junit.platform:junit-platform-engine:1.9.1=modernUiTestRuntimeClasspath
org.junit.platform:junit-platform-launcher:1.7.0=modernUiTestCompileClasspath
org.junit.platform:junit-platform-launcher:1.9.1=modernUiTestRuntimeClasspath
org.junit:junit-bom:5.7.0=browserContractCompileClasspath,browserContractRuntimeClasspath,browserTestCompileClasspath,browserTestRuntimeClasspath,modernBrowserTestCompileClasspath,modernBrowserTestRuntimeClasspath,modernUiTestCompileClasspath
org.junit:junit-bom:5.9.1=modernUiTestRuntimeClasspath
org.mariadb.jdbc:mariadb-java-client:3.0.4=modernUiRuntimeClasspath,modernUiTestRuntimeClasspath
org.mockito:mockito-core:4.11.0=modernUiTestCompileClasspath,modernUiTestRuntimeClasspath
org.mockito:mockito-inline:4.11.0=modernUiTestCompileClasspath,modernUiTestRuntimeClasspath
org.mockito:mockito-junit-jupiter:4.11.0=modernUiTestCompileClasspath,modernUiTestRuntimeClasspath
org.objenesis:objenesis:3.3=modernUiTestRuntimeClasspath
org.opentest4j:opentest4j:1.2.0=browserContractCompileClasspath,browserContractRuntimeClasspath,modernUiTestCompileClasspath,modernUiTestRuntimeClasspath
org.opentest4j:opentest4j:1.3.0=browserTestCompileClasspath,browserTestRuntimeClasspath,modernBrowserTestCompileClasspath,modernBrowserTestRuntimeClasspath
org.owasp.encoder:encoder:1.3.1=modernUiCompileClasspath,modernUiRuntimeClasspath,modernUiTestCompileClasspath,modernUiTestRuntimeClasspath,modernWebZk
org.postgresql:postgresql:42.3.3=modernUiRuntimeClasspath,modernUiTestRuntimeClasspath
org.slf4j:slf4j-api:1.7.36=phase5Transformer
org.slf4j:slf4j-api:2.0.7=modernUiCompileClasspath,modernUiRuntimeClasspath,modernUiTestCompileClasspath,modernUiTestRuntimeClasspath,modernWebZk
org.slf4j:slf4j-jdk14:2.0.7=modernWebZk
org.slf4j:slf4j-simple:1.7.36=phase5Transformer
org.springframework:spring-aop:3.0.7.RELEASE=modernUiRuntimeClasspath,modernUiTestRuntimeClasspath
org.springframework:spring-asm:3.0.7.RELEASE=modernUiRuntimeClasspath,modernUiTestRuntimeClasspath
org.springframework:spring-beans:3.0.7.RELEASE=modernUiRuntimeClasspath,modernUiTestRuntimeClasspath
org.springframework:spring-context:3.0.7.RELEASE=modernUiRuntimeClasspath,modernUiTestRuntimeClasspath
org.springframework:spring-core:3.0.7.RELEASE=modernUiRuntimeClasspath,modernUiTestRuntimeClasspath
org.springframework:spring-expression:3.0.7.RELEASE=modernUiRuntimeClasspath,modernUiTestRuntimeClasspath
org.zkoss.common:zcommon:10.3.0.1-jakarta=modernUiCompileClasspath,modernUiRuntimeClasspath,modernUiTestCompileClasspath,modernUiTestRuntimeClasspath,modernWebZk
org.zkoss.common:zel:10.3.0.1-jakarta=modernUiCompileClasspath,modernUiRuntimeClasspath,modernUiTestCompileClasspath,modernUiTestRuntimeClasspath,modernWebZk
org.zkoss.common:zweb:10.3.0.1-jakarta=modernUiCompileClasspath,modernUiRuntimeClasspath,modernUiTestCompileClasspath,modernUiTestRuntimeClasspath,modernWebZk
org.zkoss.zk:zhtml:10.3.0.1-jakarta=modernUiCompileClasspath,modernUiRuntimeClasspath,modernUiTestCompileClasspath,modernUiTestRuntimeClasspath,modernWebZk
org.zkoss.zk:zk:10.3.0.1-jakarta=modernUiCompileClasspath,modernUiRuntimeClasspath,modernUiTestCompileClasspath,modernUiTestRuntimeClasspath,modernWebZk
org.zkoss.zk:zkplus:10.3.0.1-jakarta=modernUiCompileClasspath,modernUiRuntimeClasspath,modernUiTestCompileClasspath,modernUiTestRuntimeClasspath,modernWebZk
org.zkoss.zk:zkwebfragment:10.3.0.1-jakarta=modernUiCompileClasspath,modernUiRuntimeClasspath,modernUiTestCompileClasspath,modernUiTestRuntimeClasspath,modernWebZk
org.zkoss.zk:zul:10.3.0.1-jakarta=modernUiCompileClasspath,modernUiRuntimeClasspath,modernUiTestCompileClasspath,modernUiTestRuntimeClasspath,modernWebZk
org.zkoss:zsoup:1.8.2.5=modernUiCompileClasspath,modernUiRuntimeClasspath,modernUiTestCompileClasspath,modernUiTestRuntimeClasspath,modernWebZk
software.amazon.ion:ion-java:1.0.2=modernUiRuntimeClasspath,modernUiTestRuntimeClasspath
stax:stax-api:1.0.1=modernUiRuntimeClasspath,modernUiTestRuntimeClasspath
empty=annotationProcessor,browserContractAnnotationProcessor,browserTestAnnotationProcessor,modernBrowserTestAnnotationProcessor,modernUiAnnotationProcessor,modernUiTestAnnotationProcessor,providedCompile,providedRuntime,runtimeClasspath,testAnnotationProcessor,testCompileClasspath,testRuntimeClasspath,transformerFixtureAnnotationProcessor,transformerFixtureRuntimeClasspath
